{
    "name": "vscode-typescript-tslint-plugin",
    "version": "1.2.0",
    "lockfileVersion": 1,
    "requires": true,
    "dependencies": {
        "@types/vscode": {
            "version": "1.34.0",
            "resolved": "https://registry.npmjs.org/@types/vscode/-/vscode-1.34.0.tgz",
            "integrity": "sha512-t81rGr6aFw8TMap7UJdikC5ilOtL0yNr/pkovyyTy31fZ4XJehrxLMRh8nJuoOF3+g4rG9ljmtQo7tm6wyoaYA==",
            "dev": true
        },
        "balanced-match": {
            "version": "1.0.0",
            "resolved": "https://registry.npmjs.org/balanced-match/-/balanced-match-1.0.0.tgz",
            "integrity": "sha1-ibTRmasr7kneFk6gK4nORi1xt2c="
        },
        "brace-expansion": {
            "version": "1.1.11",
            "resolved": "https://registry.npmjs.org/brace-expansion/-/brace-expansion-1.1.11.tgz",
            "integrity": "sha512-iCuPHDFgrHX7H2vEI/5xpz07zSHB00TpugqhmYtVmMO6518mCuRMoOYFldEBl0g187ufozdaHgWKcYFb61qGiA==",
            "requires": {
                "balanced-match": "^1.0.0",
                "concat-map": "0.0.1"
            }
        },
        "concat-map": {
            "version": "0.0.1",
            "resolved": "https://registry.npmjs.org/concat-map/-/concat-map-0.0.1.tgz",
            "integrity": "sha1-2Klr13/Wjfd5OnMDajug1UBdR3s="
        },
        "get-caller-file": {
            "version": "1.0.3",
            "resolved": "https://registry.npmjs.org/get-caller-file/-/get-caller-file-1.0.3.tgz",
            "integrity": "sha512-3t6rVToeoZfYSGd8YoLFR2DJkiQrIiUrGcjvFX2mDw3bn6k2OtwHN0TNCLbBO+w8qTvimhDkv+LSscbJY1vE6w=="
        },
        "minimatch": {
            "version": "3.0.4",
            "resolved": "https://registry.npmjs.org/minimatch/-/minimatch-3.0.4.tgz",
            "integrity": "sha512-yJHVQEhyqPLUTgt9B83PXu6W3rx4MvvHvSUvToogpwoGDOUQ+yDrR0HRot+yOCdCO7u4hX3pWft6kWBBcqh0UA==",
            "requires": {
                "brace-expansion": "^1.1.7"
            }
        },
        "mock-require": {
            "version": "3.0.3",
            "resolved": "https://registry.npmjs.org/mock-require/-/mock-require-3.0.3.tgz",
            "integrity": "sha512-lLzfLHcyc10MKQnNUCv7dMcoY/2Qxd6wJfbqCcVk3LDb8An4hF6ohk5AztrvgKhJCqj36uyzi/p5se+tvyD+Wg==",
            "requires": {
                "get-caller-file": "^1.0.2",
                "normalize-path": "^2.1.1"
            }
        },
        "normalize-path": {
            "version": "2.1.1",
            "resolved": "https://registry.npmjs.org/normalize-path/-/normalize-path-2.1.1.tgz",
            "integrity": "sha1-GrKLVW4Zg2Oowab35vogE3/mrtk=",
            "requires": {
                "remove-trailing-separator": "^1.0.1"
            }
        },
        "remove-trailing-separator": {
            "version": "1.1.0",
            "resolved": "https://registry.npmjs.org/remove-trailing-separator/-/remove-trailing-separator-1.1.0.tgz",
            "integrity": "sha1-wkvOKig62tW8P1jg1IJJuSN52O8="
        },
        "typescript": {
            "version": "3.4.5",
            "resolved": "https://registry.npmjs.org/typescript/-/typescript-3.4.5.tgz",
            "integrity": "sha512-YycBxUb49UUhdNMU5aJ7z5Ej2XGmaIBL0x34vZ82fn3hGvD+bgrMrVDpatgz2f7YxUMJxMkbWxJZeAvDxVe7Vw==",
            "dev": true
        },
        "typescript-tslint-plugin": {
            "version": "0.5.0",
            "resolved": "https://registry.npmjs.org/typescript-tslint-plugin/-/typescript-tslint-plugin-0.5.0.tgz",
            "integrity": "sha512-qVejs4wVu6RmiNOTekPJIlztt6lN+QC+lArqbcP3CaBuABDsJ0BXYofZX1H2ZywAblOnx403FSrhQcgnRBUGQA==",
            "requires": {
                "minimatch": "^3.0.4",
                "mock-require": "^3.0.2",
                "vscode-languageserver": "^5.1.0"
            }
        },
        "vscode-jsonrpc": {
            "version": "4.0.0",
            "resolved": "https://registry.npmjs.org/vscode-jsonrpc/-/vscode-jsonrpc-4.0.0.tgz",
            "integrity": "sha512-perEnXQdQOJMTDFNv+UF3h1Y0z4iSiaN9jIlb0OqIYgosPCZGYh/MCUlkFtV2668PL69lRDO32hmvL2yiidUYg=="
        },
        "vscode-languageserver": {
            "version": "5.2.1",
            "resolved": "https://registry.npmjs.org/vscode-languageserver/-/vscode-languageserver-5.2.1.tgz",
            "integrity": "sha512-GuayqdKZqAwwaCUjDvMTAVRPJOp/SLON3mJ07eGsx/Iq9HjRymhKWztX41rISqDKhHVVyFM+IywICyZDla6U3A==",
            "requires": {
                "vscode-languageserver-protocol": "3.14.1",
                "vscode-uri": "^1.0.6"
            }
        },
        "vscode-languageserver-protocol": {
            "version": "3.14.1",
            "resolved": "https://registry.npmjs.org/vscode-languageserver-protocol/-/vscode-languageserver-protocol-3.14.1.tgz",
            "integrity": "sha512-IL66BLb2g20uIKog5Y2dQ0IiigW0XKrvmWiOvc0yXw80z3tMEzEnHjaGAb3ENuU7MnQqgnYJ1Cl2l9RvNgDi4g==",
            "requires": {
                "vscode-jsonrpc": "^4.0.0",
                "vscode-languageserver-types": "3.14.0"
            }
        },
        "vscode-languageserver-types": {
            "version": "3.14.0",
            "resolved": "https://registry.npmjs.org/vscode-languageserver-types/-/vscode-languageserver-types-3.14.0.tgz",
            "integrity": "sha512-lTmS6AlAlMHOvPQemVwo3CezxBp0sNB95KNPkqp3Nxd5VFEnuG1ByM0zlRWos0zjO3ZWtkvhal0COgiV1xIA4A=="
        },
        "vscode-uri": {
            "version": "1.0.8",
            "resolved": "https://registry.npmjs.org/vscode-uri/-/vscode-uri-1.0.8.tgz",
            "integrity": "sha512-obtSWTlbJ+a+TFRYGaUumtVwb+InIUVI0Lu0VBUAPmj2cU5JutEXg3xUE0c2J5Tcy7h2DEKVJBFi+Y9ZSFzzPQ=="
        }
    }
}
