# THIS IS AN AUTOGENERATED FILE. DO NOT EDIT THIS FILE DIRECTLY.
# yarn lockfile v1


"@types/vscode@^1.34.0":
  version "1.34.0"
  resolved "https://registry.yarnpkg.com/@types/vscode/-/vscode-1.34.0.tgz#5abdd8b548be08c8fe3fff7c3e3b2d532e325741"
  integrity sha512-t81rGr6aFw8TMap7UJdikC5ilOtL0yNr/pkovyyTy31fZ4XJehrxLMRh8nJuoOF3+g4rG9ljmtQo7tm6wyoaYA==

balanced-match@^1.0.0:
  version "1.0.0"
  resolved "https://registry.yarnpkg.com/balanced-match/-/balanced-match-1.0.0.tgz#89b4d199ab2bee49de164ea02b89ce462d71b767"
  integrity sha1-ibTRmasr7kneFk6gK4nORi1xt2c=

brace-expansion@^1.1.7:
  version "1.1.11"
  resolved "https://registry.yarnpkg.com/brace-expansion/-/brace-expansion-1.1.11.tgz#3c7fcbf529d87226f3d2f52b966ff5271eb441dd"
  integrity sha512-iCuPHDFgrHX7H2vEI/5xpz07zSHB00TpugqhmYtVmMO6518mCuRMoOYFldEBl0g187ufozdaHgWKcYFb61qGiA==
  dependencies:
    balanced-match "^1.0.0"
    concat-map "0.0.1"

concat-map@0.0.1:
  version "0.0.1"
  resolved "https://registry.yarnpkg.com/concat-map/-/concat-map-0.0.1.tgz#d8a96bd77fd68df7793a73036a3ba0d5405d477b"
  integrity sha1-2Klr13/Wjfd5OnMDajug1UBdR3s=

get-caller-file@^1.0.2:
  version "1.0.3"
  resolved "https://registry.yarnpkg.com/get-caller-file/-/get-caller-file-1.0.3.tgz#f978fa4c90d1dfe7ff2d6beda2a515e713bdcf4a"
  integrity sha512-3t6rVToeoZfYSGd8YoLFR2DJkiQrIiUrGcjvFX2mDw3bn6k2OtwHN0TNCLbBO+w8qTvimhDkv+LSscbJY1vE6w==

minimatch@^3.0.4:
  version "3.0.4"
  resolved "https://registry.yarnpkg.com/minimatch/-/minimatch-3.0.4.tgz#5166e286457f03306064be5497e8dbb0c3d32083"
  integrity sha512-yJHVQEhyqPLUTgt9B83PXu6W3rx4MvvHvSUvToogpwoGDOUQ+yDrR0HRot+yOCdCO7u4hX3pWft6kWBBcqh0UA==
  dependencies:
    brace-expansion "^1.1.7"

mock-require@^3.0.2:
  version "3.0.3"
  resolved "https://registry.yarnpkg.com/mock-require/-/mock-require-3.0.3.tgz#ccd544d9eae81dd576b3f219f69ec867318a1946"
  integrity sha512-lLzfLHcyc10MKQnNUCv7dMcoY/2Qxd6wJfbqCcVk3LDb8An4hF6ohk5AztrvgKhJCqj36uyzi/p5se+tvyD+Wg==
  dependencies:
    get-caller-file "^1.0.2"
    normalize-path "^2.1.1"

normalize-path@^2.1.1:
  version "2.1.1"
  resolved "https://registry.yarnpkg.com/normalize-path/-/normalize-path-2.1.1.tgz#1ab28b556e198363a8c1a6f7e6fa20137fe6aed9"
  integrity sha1-GrKLVW4Zg2Oowab35vogE3/mrtk=
  dependencies:
    remove-trailing-separator "^1.0.1"

remove-trailing-separator@^1.0.1:
  version "1.1.0"
  resolved "https://registry.yarnpkg.com/remove-trailing-separator/-/remove-trailing-separator-1.1.0.tgz#c24bce2a283adad5bc3f58e0d48249b92379d8ef"
  integrity sha1-wkvOKig62tW8P1jg1IJJuSN52O8=

typescript-tslint-plugin@0.4.0:
  version "0.4.0"
  resolved "https://registry.yarnpkg.com/typescript-tslint-plugin/-/typescript-tslint-plugin-0.4.0.tgz#af1729e72b770489b2b912809694f46c3281bb72"
  integrity sha512-83zipyk5bCqu/LHifaWPmJ7Xnl6lLn/3KmWINgr+XND79BrVWmkV8CudKc+a9Jhjs2opvVKq0n0P4O4NhHOixw==
  dependencies:
    minimatch "^3.0.4"
    mock-require "^3.0.2"
    vscode-languageserver "^5.1.0"

typescript@^3.1.6:
  version "3.4.5"
  resolved "https://registry.yarnpkg.com/typescript/-/typescript-3.4.5.tgz#2d2618d10bb566572b8d7aad5180d84257d70a99"
  integrity sha512-YycBxUb49UUhdNMU5aJ7z5Ej2XGmaIBL0x34vZ82fn3hGvD+bgrMrVDpatgz2f7YxUMJxMkbWxJZeAvDxVe7Vw==

vscode-jsonrpc@^4.0.0:
  version "4.0.0"
  resolved "https://registry.yarnpkg.com/vscode-jsonrpc/-/vscode-jsonrpc-4.0.0.tgz#a7bf74ef3254d0a0c272fab15c82128e378b3be9"
  integrity sha512-perEnXQdQOJMTDFNv+UF3h1Y0z4iSiaN9jIlb0OqIYgosPCZGYh/MCUlkFtV2668PL69lRDO32hmvL2yiidUYg==

vscode-languageserver-protocol@3.14.1:
  version "3.14.1"
  resolved "https://registry.yarnpkg.com/vscode-languageserver-protocol/-/vscode-languageserver-protocol-3.14.1.tgz#b8aab6afae2849c84a8983d39a1cf742417afe2f"
  integrity sha512-IL66BLb2g20uIKog5Y2dQ0IiigW0XKrvmWiOvc0yXw80z3tMEzEnHjaGAb3ENuU7MnQqgnYJ1Cl2l9RvNgDi4g==
  dependencies:
    vscode-jsonrpc "^4.0.0"
    vscode-languageserver-types "3.14.0"

vscode-languageserver-types@3.14.0:
  version "3.14.0"
  resolved "https://registry.yarnpkg.com/vscode-languageserver-types/-/vscode-languageserver-types-3.14.0.tgz#d3b5952246d30e5241592b6dde8280e03942e743"
  integrity sha512-lTmS6AlAlMHOvPQemVwo3CezxBp0sNB95KNPkqp3Nxd5VFEnuG1ByM0zlRWos0zjO3ZWtkvhal0COgiV1xIA4A==

vscode-languageserver@^5.1.0:
  version "5.2.1"
  resolved "https://registry.yarnpkg.com/vscode-languageserver/-/vscode-languageserver-5.2.1.tgz#0d2feddd33f92aadf5da32450df498d52f6f14eb"
  integrity sha512-GuayqdKZqAwwaCUjDvMTAVRPJOp/SLON3mJ07eGsx/Iq9HjRymhKWztX41rISqDKhHVVyFM+IywICyZDla6U3A==
  dependencies:
    vscode-languageserver-protocol "3.14.1"
    vscode-uri "^1.0.6"

vscode-uri@^1.0.6:
  version "1.0.6"
  resolved "https://registry.yarnpkg.com/vscode-uri/-/vscode-uri-1.0.6.tgz#6b8f141b0bbc44ad7b07e94f82f168ac7608ad4d"
  integrity sha512-sLI2L0uGov3wKVb9EB+vIQBl9tVP90nqRvxSoJ35vI3NjxE8jfsE5DSOhWgSunHSZmKS4OCi2jrtfxK7uyp2ww==
